{
  "name": "client",
  "version": "1.0.0",
  "lockfileVersion": 3,
  "requires": true,
  "packages": {
    "": {
      "name": "client",
      "version": "1.0.0",
      "license": "ISC",
      "dependencies": {
        "@myscope/some": "^1.0.4"
      }
    },
    "node_modules/@myscope/some": {
      "version": "1.0.5",
      "resolved": "http://localhost/@myscope/some/-/some-1.0.5.tgz",
      "integrity": "sha512-7zxl20wXFMcM69GQwQ0EhX62NxEwkB0so4rlK1EKXmQFolhr+VefDOk0eyWHElwBwU0re1dfWE33pYrultUkJg==",
      "dependencies": {
        "dayjs": "^1.11.7"
      }
    },
    "node_modules/dayjs": {
      "version": "1.11.7",
      "resolved": "https://registry.npmjs.org/dayjs/-/dayjs-1.11.7.tgz",
      "integrity": "sha512-+Yw9U6YO5TQohxLcIkrXBeY73WP3ejHWVvx8XCk3gxvQDCTEmS48ZrSZCKciI7Bhl/uCMyxYtE9UqRILmFphkQ=="
    }
  }
}
